
Microsoft Visual Studio Solution File, Format Version 12.00
# Visual Studio Version 16
VisualStudioVersion = 16.0.29009.10
MinimumVisualStudioVersion = 10.0.40219.1
Project("{D954291E-2A0B-460D-934E-DC6B0785DB48}") = "Phone", "Phone\Phone\Phone.shproj", "{CA3A2B53-7F8A-42CF-A088-0522E9482E56}"
EndProject
Project("{FAE04EC0-301F-11D3-BF4B-00C04F79EFBC}") = "Phone.Android", "Phone\Phone.Android\Phone.Android.csproj", "{3530FF50-F3C8-4AAF-9D6A-3BFD3A8C9833}"
EndProject
Project("{FAE04EC0-301F-11D3-BF4B-00C04F79EFBC}") = "SpideySenseWatch", "SpideySenseWatch\SpideySenseWatch.csproj", "{2FB7E276-9E8E-487D-BB96-63B598FDCF83}"
EndProject
Global
	GlobalSection(SharedMSBuildProjectFiles) = preSolution
		Phone\Phone\Phone.projitems*{3530ff50-f3c8-4aaf-9d6a-3bfd3a8c9833}*SharedItemsImports = 4
		Phone\Phone\Phone.projitems*{ca3a2b53-7f8a-42cf-a088-0522e9482e56}*SharedItemsImports = 13
	EndGlobalSection
	GlobalSection(SolutionConfigurationPlatforms) = preSolution
		Debug|Any CPU = Debug|Any CPU
		Debug|iPhone = Debug|iPhone
		Debug|iPhoneSimulator = Debug|iPhoneSimulator
		Release|Any CPU = Release|Any CPU
		Release|iPhone = Release|iPhone
		Release|iPhoneSimulator = Release|iPhoneSimulator
	EndGlobalSection
	GlobalSection(ProjectConfigurationPlatforms) = postSolution
		{3530FF50-F3C8-4AAF-9D6A-3BFD3A8C9833}.Debug|Any CPU.ActiveCfg = Debug|Any CPU
		{3530FF50-F3C8-4AAF-9D6A-3BFD3A8C9833}.Debug|Any CPU.Build.0 = Debug|Any CPU
		{3530FF50-F3C8-4AAF-9D6A-3BFD3A8C9833}.Debug|Any CPU.Deploy.0 = Debug|Any CPU
		{3530FF50-F3C8-4AAF-9D6A-3BFD3A8C9833}.Debug|iPhone.ActiveCfg = Debug|Any CPU
		{3530FF50-F3C8-4AAF-9D6A-3BFD3A8C9833}.Debug|iPhone.Build.0 = Debug|Any CPU
		{3530FF50-F3C8-4AAF-9D6A-3BFD3A8C9833}.Debug|iPhone.Deploy.0 = Debug|Any CPU
		{3530FF50-F3C8-4AAF-9D6A-3BFD3A8C9833}.Debug|iPhoneSimulator.ActiveCfg = Debug|Any CPU
		{3530FF50-F3C8-4AAF-9D6A-3BFD3A8C9833}.Debug|iPhoneSimulator.Build.0 = Debug|Any CPU
		{3530FF50-F3C8-4AAF-9D6A-3BFD3A8C9833}.Debug|iPhoneSimulator.Deploy.0 = Debug|Any CPU
		{3530FF50-F3C8-4AAF-9D6A-3BFD3A8C9833}.Release|Any CPU.ActiveCfg = Release|Any CPU
		{3530FF50-F3C8-4AAF-9D6A-3BFD3A8C9833}.Release|Any CPU.Build.0 = Release|Any CPU
		{3530FF50-F3C8-4AAF-9D6A-3BFD3A8C9833}.Release|Any CPU.Deploy.0 = Release|Any CPU
		{3530FF50-F3C8-4AAF-9D6A-3BFD3A8C9833}.Release|iPhone.ActiveCfg = Release|Any CPU
		{3530FF50-F3C8-4AAF-9D6A-3BFD3A8C9833}.Release|iPhone.Build.0 = Release|Any CPU
		{3530FF50-F3C8-4AAF-9D6A-3BFD3A8C9833}.Release|iPhone.Deploy.0 = Release|Any CPU
		{3530FF50-F3C8-4AAF-9D6A-3BFD3A8C9833}.Release|iPhoneSimulator.ActiveCfg = Release|Any CPU
		{3530FF50-F3C8-4AAF-9D6A-3BFD3A8C9833}.Release|iPhoneSimulator.Build.0 = Release|Any CPU
		{3530FF50-F3C8-4AAF-9D6A-3BFD3A8C9833}.Release|iPhoneSimulator.Deploy.0 = Release|Any CPU
		{2FB7E276-9E8E-487D-BB96-63B598FDCF83}.Debug|Any CPU.ActiveCfg = Debug|Any CPU
		{2FB7E276-9E8E-487D-BB96-63B598FDCF83}.Debug|Any CPU.Build.0 = Debug|Any CPU
		{2FB7E276-9E8E-487D-BB96-63B598FDCF83}.Debug|Any CPU.Deploy.0 = Debug|Any CPU
		{2FB7E276-9E8E-487D-BB96-63B598FDCF83}.Debug|iPhone.ActiveCfg = Debug|Any CPU
		{2FB7E276-9E8E-487D-BB96-63B598FDCF83}.Debug|iPhone.Build.0 = Debug|Any CPU
		{2FB7E276-9E8E-487D-BB96-63B598FDCF83}.Debug|iPhone.Deploy.0 = Debug|Any CPU
		{2FB7E276-9E8E-487D-BB96-63B598FDCF83}.Debug|iPhoneSimulator.ActiveCfg = Debug|Any CPU
		{2FB7E276-9E8E-487D-BB96-63B598FDCF83}.Debug|iPhoneSimulator.Build.0 = Debug|Any CPU
		{2FB7E276-9E8E-487D-BB96-63B598FDCF83}.Debug|iPhoneSimulator.Deploy.0 = Debug|Any CPU
		{2FB7E276-9E8E-487D-BB96-63B598FDCF83}.Release|Any CPU.ActiveCfg = Release|Any CPU
		{2FB7E276-9E8E-487D-BB96-63B598FDCF83}.Release|Any CPU.Build.0 = Release|Any CPU
		{2FB7E276-9E8E-487D-BB96-63B598FDCF83}.Release|Any CPU.Deploy.0 = Release|Any CPU
		{2FB7E276-9E8E-487D-BB96-63B598FDCF83}.Release|iPhone.ActiveCfg = Release|Any CPU
		{2FB7E276-9E8E-487D-BB96-63B598FDCF83}.Release|iPhone.Build.0 = Release|Any CPU
		{2FB7E276-9E8E-487D-BB96-63B598FDCF83}.Release|iPhone.Deploy.0 = Release|Any CPU
		{2FB7E276-9E8E-487D-BB96-63B598FDCF83}.Release|iPhoneSimulator.ActiveCfg = Release|Any CPU
		{2FB7E276-9E8E-487D-BB96-63B598FDCF83}.Release|iPhoneSimulator.Build.0 = Release|Any CPU
		{2FB7E276-9E8E-487D-BB96-63B598FDCF83}.Release|iPhoneSimulator.Deploy.0 = Release|Any CPU
	EndGlobalSection
	GlobalSection(SolutionProperties) = preSolution
		HideSolutionNode = FALSE
	EndGlobalSection
	GlobalSection(ExtensibilityGlobals) = postSolution
		SolutionGuid = {63190DC9-6C5D-4AF0-80AF-F9C582B42E13}
	EndGlobalSection
EndGlobal
