
Microsoft Visual Studio Solution File, Format Version 12.00
# Visual Studio 15
VisualStudioVersion = 15.0.28307.168
MinimumVisualStudioVersion = 10.0.40219.1
Project("{9A19103F-16F7-4668-BE54-9A1E7A4F7556}") = "Phone.MobileAppService", "Phone\Phone.MobileAppService\Phone.MobileAppService.csproj", "{A9CC39C4-FEC1-4497-A5E9-7290AD81DEB4}"
EndProject
Project("{D954291E-2A0B-460D-934E-DC6B0785DB48}") = "Phone", "Phone\Phone\Phone.shproj", "{CA3A2B53-7F8A-42CF-A088-0522E9482E56}"
EndProject
Project("{FAE04EC0-301F-11D3-BF4B-00C04F79EFBC}") = "WearApp", "watch\WearApp\WearApp\WearApp\WearApp.csproj", "{2669A83C-43C9-4658-AAB5-134D02DD3659}"
EndProject
Global
	GlobalSection(SharedMSBuildProjectFiles) = preSolution
		Phone\Phone\Phone.projitems*{ca3a2b53-7f8a-42cf-a088-0522e9482e56}*SharedItemsImports = 13
	EndGlobalSection
	GlobalSection(SolutionConfigurationPlatforms) = preSolution
		Debug|Any CPU = Debug|Any CPU
		Debug|iPhone = Debug|iPhone
		Debug|iPhoneSimulator = Debug|iPhoneSimulator
		Release|Any CPU = Release|Any CPU
		Release|iPhone = Release|iPhone
		Release|iPhoneSimulator = Release|iPhoneSimulator
	EndGlobalSection
	GlobalSection(ProjectConfigurationPlatforms) = postSolution
		{A9CC39C4-FEC1-4497-A5E9-7290AD81DEB4}.Debug|Any CPU.ActiveCfg = Debug|Any CPU
		{A9CC39C4-FEC1-4497-A5E9-7290AD81DEB4}.Debug|Any CPU.Build.0 = Debug|Any CPU
		{A9CC39C4-FEC1-4497-A5E9-7290AD81DEB4}.Debug|Any CPU.Deploy.0 = Debug|Any CPU
		{A9CC39C4-FEC1-4497-A5E9-7290AD81DEB4}.Debug|iPhone.ActiveCfg = Debug|Any CPU
		{A9CC39C4-FEC1-4497-A5E9-7290AD81DEB4}.Debug|iPhone.Build.0 = Debug|Any CPU
		{A9CC39C4-FEC1-4497-A5E9-7290AD81DEB4}.Debug|iPhone.Deploy.0 = Debug|Any CPU
		{A9CC39C4-FEC1-4497-A5E9-7290AD81DEB4}.Debug|iPhoneSimulator.ActiveCfg = Debug|Any CPU
		{A9CC39C4-FEC1-4497-A5E9-7290AD81DEB4}.Debug|iPhoneSimulator.Build.0 = Debug|Any CPU
		{A9CC39C4-FEC1-4497-A5E9-7290AD81DEB4}.Debug|iPhoneSimulator.Deploy.0 = Debug|Any CPU
		{A9CC39C4-FEC1-4497-A5E9-7290AD81DEB4}.Release|Any CPU.ActiveCfg = Release|Any CPU
		{A9CC39C4-FEC1-4497-A5E9-7290AD81DEB4}.Release|Any CPU.Build.0 = Release|Any CPU
		{A9CC39C4-FEC1-4497-A5E9-7290AD81DEB4}.Release|Any CPU.Deploy.0 = Release|Any CPU
		{A9CC39C4-FEC1-4497-A5E9-7290AD81DEB4}.Release|iPhone.ActiveCfg = Release|Any CPU
		{A9CC39C4-FEC1-4497-A5E9-7290AD81DEB4}.Release|iPhone.Build.0 = Release|Any CPU
		{A9CC39C4-FEC1-4497-A5E9-7290AD81DEB4}.Release|iPhone.Deploy.0 = Release|Any CPU
		{A9CC39C4-FEC1-4497-A5E9-7290AD81DEB4}.Release|iPhoneSimulator.ActiveCfg = Release|Any CPU
		{A9CC39C4-FEC1-4497-A5E9-7290AD81DEB4}.Release|iPhoneSimulator.Build.0 = Release|Any CPU
		{A9CC39C4-FEC1-4497-A5E9-7290AD81DEB4}.Release|iPhoneSimulator.Deploy.0 = Release|Any CPU
		{2669A83C-43C9-4658-AAB5-134D02DD3659}.Debug|Any CPU.ActiveCfg = Debug|Any CPU
		{2669A83C-43C9-4658-AAB5-134D02DD3659}.Debug|Any CPU.Build.0 = Debug|Any CPU
		{2669A83C-43C9-4658-AAB5-134D02DD3659}.Debug|Any CPU.Deploy.0 = Debug|Any CPU
		{2669A83C-43C9-4658-AAB5-134D02DD3659}.Debug|iPhone.ActiveCfg = Debug|Any CPU
		{2669A83C-43C9-4658-AAB5-134D02DD3659}.Debug|iPhone.Build.0 = Debug|Any CPU
		{2669A83C-43C9-4658-AAB5-134D02DD3659}.Debug|iPhone.Deploy.0 = Debug|Any CPU
		{2669A83C-43C9-4658-AAB5-134D02DD3659}.Debug|iPhoneSimulator.ActiveCfg = Debug|Any CPU
		{2669A83C-43C9-4658-AAB5-134D02DD3659}.Debug|iPhoneSimulator.Build.0 = Debug|Any CPU
		{2669A83C-43C9-4658-AAB5-134D02DD3659}.Debug|iPhoneSimulator.Deploy.0 = Debug|Any CPU
		{2669A83C-43C9-4658-AAB5-134D02DD3659}.Release|Any CPU.ActiveCfg = Release|Any CPU
		{2669A83C-43C9-4658-AAB5-134D02DD3659}.Release|Any CPU.Build.0 = Release|Any CPU
		{2669A83C-43C9-4658-AAB5-134D02DD3659}.Release|Any CPU.Deploy.0 = Release|Any CPU
		{2669A83C-43C9-4658-AAB5-134D02DD3659}.Release|iPhone.ActiveCfg = Release|Any CPU
		{2669A83C-43C9-4658-AAB5-134D02DD3659}.Release|iPhone.Build.0 = Release|Any CPU
		{2669A83C-43C9-4658-AAB5-134D02DD3659}.Release|iPhone.Deploy.0 = Release|Any CPU
		{2669A83C-43C9-4658-AAB5-134D02DD3659}.Release|iPhoneSimulator.ActiveCfg = Release|Any CPU
		{2669A83C-43C9-4658-AAB5-134D02DD3659}.Release|iPhoneSimulator.Build.0 = Release|Any CPU
		{2669A83C-43C9-4658-AAB5-134D02DD3659}.Release|iPhoneSimulator.Deploy.0 = Release|Any CPU
	EndGlobalSection
	GlobalSection(SolutionProperties) = preSolution
		HideSolutionNode = FALSE
	EndGlobalSection
	GlobalSection(ExtensibilityGlobals) = postSolution
		SolutionGuid = {63190DC9-6C5D-4AF0-80AF-F9C582B42E13}
	EndGlobalSection
EndGlobal
